
Microsoft Visual Studio Solution File, Format Version 12.00
# Visual Studio Version 17
VisualStudioVersion = 17.5.002.0
MinimumVisualStudioVersion = 10.0.40219.1
Project("{9A19103F-16F7-4668-BE54-9A1E7A4F7556}") = "Federacion_Futbol", "Federacion_Futbol.csproj", "{D44A726B-FE10-4836-80E9-86823226A79B}"
EndProject
Global
	GlobalSection(SolutionConfigurationPlatforms) = preSolution
		Debug|Any CPU = Debug|Any CPU
		Release|Any CPU = Release|Any CPU
	EndGlobalSection
	GlobalSection(ProjectConfigurationPlatforms) = postSolution
		{D44A726B-FE10-4836-80E9-86823226A79B}.Debug|Any CPU.ActiveCfg = Debug|Any CPU
		{D44A726B-FE10-4836-80E9-86823226A79B}.Debug|Any CPU.Build.0 = Debug|Any CPU
		{D44A726B-FE10-4836-80E9-86823226A79B}.Release|Any CPU.ActiveCfg = Release|Any CPU
		{D44A726B-FE10-4836-80E9-86823226A79B}.Release|Any CPU.Build.0 = Release|Any CPU
	EndGlobalSection
	GlobalSection(SolutionProperties) = preSolution
		HideSolutionNode = FALSE
	EndGlobalSection
	GlobalSection(ExtensibilityGlobals) = postSolution
		SolutionGuid = {0D0C07BE-D28F-4272-9EF4-976BD4F509E7}
	EndGlobalSection
EndGlobal
